// !$*UTF8*$!
{
	archiveVersion = 1;
	classes = {
	};
	objectVersion = 46;
	objects = {

/* Begin PBXBuildFile section */
		132FE70A297A0ECFC5781A90 /* Pods_HBCRecord.framework in Frameworks */ = {isa = PBXBuildFile; fileRef = E85E358BDADAC9FCDBB47067 /* Pods_HBCRecord.framework */; };
		3F0817A52039B51F42C9D0E6 /* Pods_HBCRecordTests.framework in Frameworks */ = {isa = PBXBuildFile; fileRef = F0A4346733731E769C020E27 /* Pods_HBCRecordTests.framework */; };
		C0145DE51F02A2B8005651B3 /* Player.swift in Sources */ = {isa = PBXBuildFile; fileRef = C0145DE41F02A2B8005651B3 /* Player.swift */; };
		C0449ADF1F1C03490014F48E /* TeamCell.swift in Sources */ = {isa = PBXBuildFile; fileRef = C0449ADE1F1C03490014F48E /* TeamCell.swift */; };
		C0449AE11F1C047A0014F48E /* MemberCell.swift in Sources */ = {isa = PBXBuildFile; fileRef = C0449AE01F1C047A0014F48E /* MemberCell.swift */; };
		C0449AE31F1C144B0014F48E /* Member.swift in Sources */ = {isa = PBXBuildFile; fileRef = C0449AE21F1C144B0014F48E /* Member.swift */; };
		C0541EA21F16175B00FD50E2 /* LoginController.swift in Sources */ = {isa = PBXBuildFile; fileRef = C0541EA11F16175B00FD50E2 /* LoginController.swift */; };
		C0541EA41F19C18500FD50E2 /* User.swift in Sources */ = {isa = PBXBuildFile; fileRef = C0541EA31F19C18500FD50E2 /* User.swift */; };
		C0541EA61F1A944800FD50E2 /* TeamImageController.swift in Sources */ = {isa = PBXBuildFile; fileRef = C0541EA51F1A944800FD50E2 /* TeamImageController.swift */; };
		C0541EA91F1ACD8300FD50E2 /* UIImageViewExtensions.swift in Sources */ = {isa = PBXBuildFile; fileRef = C0541EA81F1ACD8300FD50E2 /* UIImageViewExtensions.swift */; };
		C05735F31F0E81A400F61848 /* GoogleService-Info.plist in Resources */ = {isa = PBXBuildFile; fileRef = C05735F21F0E81A400F61848 /* GoogleService-Info.plist */; };
		C065352A1F0D079200BCC12F /* Team.swift in Sources */ = {isa = PBXBuildFile; fileRef = C06535291F0D079200BCC12F /* Team.swift */; };
		C065352C1F0D08C600BCC12F /* MemberController.swift in Sources */ = {isa = PBXBuildFile; fileRef = C065352B1F0D08C600BCC12F /* MemberController.swift */; };
		C067E0081EFFE8EC00F830CB /* AppDelegate.swift in Sources */ = {isa = PBXBuildFile; fileRef = C067E0071EFFE8EC00F830CB /* AppDelegate.swift */; };
		C067E00A1EFFE8EC00F830CB /* RecordController.swift in Sources */ = {isa = PBXBuildFile; fileRef = C067E0091EFFE8EC00F830CB /* RecordController.swift */; };
		C067E00D1EFFE8EC00F830CB /* Main.storyboard in Resources */ = {isa = PBXBuildFile; fileRef = C067E00B1EFFE8EC00F830CB /* Main.storyboard */; };
		C067E0101EFFE8EC00F830CB /* HBCRecord.xcdatamodeld in Sources */ = {isa = PBXBuildFile; fileRef = C067E00E1EFFE8EC00F830CB /* HBCRecord.xcdatamodeld */; };
		C067E0121EFFE8EC00F830CB /* Assets.xcassets in Resources */ = {isa = PBXBuildFile; fileRef = C067E0111EFFE8EC00F830CB /* Assets.xcassets */; };
		C067E0151EFFE8EC00F830CB /* LaunchScreen.storyboard in Resources */ = {isa = PBXBuildFile; fileRef = C067E0131EFFE8EC00F830CB /* LaunchScreen.storyboard */; };
		C067E0201EFFE8EC00F830CB /* HBCRecordTests.swift in Sources */ = {isa = PBXBuildFile; fileRef = C067E01F1EFFE8EC00F830CB /* HBCRecordTests.swift */; };
		C067E02D1F002AB500F830CB /* RecordCell.swift in Sources */ = {isa = PBXBuildFile; fileRef = C067E02C1F002AB500F830CB /* RecordCell.swift */; };
		C07FEE851F13CB1E00663B6C /* AddMemberHandler.swift in Sources */ = {isa = PBXBuildFile; fileRef = C07FEE841F13CB1E00663B6C /* AddMemberHandler.swift */; };
		C08DF5391F10F40600D658B8 /* AddMemberController.swift in Sources */ = {isa = PBXBuildFile; fileRef = C08DF5381F10F40600D658B8 /* AddMemberController.swift */; };
		C0F19E4F1F0661FC00E97041 /* RecordPickerController.swift in Sources */ = {isa = PBXBuildFile; fileRef = C0F19E4E1F0661FC00E97041 /* RecordPickerController.swift */; };
		C0F19E511F098C6000E97041 /* HomeController.swift in Sources */ = {isa = PBXBuildFile; fileRef = C0F19E501F098C6000E97041 /* HomeController.swift */; };
/* End PBXBuildFile section */

/* Begin PBXContainerItemProxy section */
		C067E01C1EFFE8EC00F830CB /* PBXContainerItemProxy */ = {
			isa = PBXContainerItemProxy;
			containerPortal = C067DFFC1EFFE8EC00F830CB /* Project object */;
			proxyType = 1;
			remoteGlobalIDString = C067E0031EFFE8EC00F830CB;
			remoteInfo = HBCRecord;
		};
/* End PBXContainerItemProxy section */

/* Begin PBXFileReference section */
		2A281C72162F4C52EA9786C9 /* Pods-HBCRecordTests.release.xcconfig */ = {isa = PBXFileReference; includeInIndex = 1; lastKnownFileType = text.xcconfig; name = "Pods-HBCRecordTests.release.xcconfig"; path = "Pods/Target Support Files/Pods-HBCRecordTests/Pods-HBCRecordTests.release.xcconfig"; sourceTree = "<group>"; };
		4B1EF1B40D9FE7748F64AB0E /* Pods-HBCRecord.release.xcconfig */ = {isa = PBXFileReference; includeInIndex = 1; lastKnownFileType = text.xcconfig; name = "Pods-HBCRecord.release.xcconfig"; path = "Pods/Target Support Files/Pods-HBCRecord/Pods-HBCRecord.release.xcconfig"; sourceTree = "<group>"; };
		655FD671920D82C37CB7B274 /* Pods-HBCRecord.debug.xcconfig */ = {isa = PBXFileReference; includeInIndex = 1; lastKnownFileType = text.xcconfig; name = "Pods-HBCRecord.debug.xcconfig"; path = "Pods/Target Support Files/Pods-HBCRecord/Pods-HBCRecord.debug.xcconfig"; sourceTree = "<group>"; };
		C0145DE41F02A2B8005651B3 /* Player.swift */ = {isa = PBXFileReference; fileEncoding = 4; lastKnownFileType = sourcecode.swift; path = Player.swift; sourceTree = "<group>"; };
		C0449ADE1F1C03490014F48E /* TeamCell.swift */ = {isa = PBXFileReference; fileEncoding = 4; lastKnownFileType = sourcecode.swift; path = TeamCell.swift; sourceTree = "<group>"; };
		C0449AE01F1C047A0014F48E /* MemberCell.swift */ = {isa = PBXFileReference; fileEncoding = 4; lastKnownFileType = sourcecode.swift; path = MemberCell.swift; sourceTree = "<group>"; };
		C0449AE21F1C144B0014F48E /* Member.swift */ = {isa = PBXFileReference; fileEncoding = 4; lastKnownFileType = sourcecode.swift; path = Member.swift; sourceTree = "<group>"; };
		C0541EA11F16175B00FD50E2 /* LoginController.swift */ = {isa = PBXFileReference; fileEncoding = 4; lastKnownFileType = sourcecode.swift; path = LoginController.swift; sourceTree = "<group>"; };
		C0541EA31F19C18500FD50E2 /* User.swift */ = {isa = PBXFileReference; fileEncoding = 4; lastKnownFileType = sourcecode.swift; path = User.swift; sourceTree = "<group>"; };
		C0541EA51F1A944800FD50E2 /* TeamImageController.swift */ = {isa = PBXFileReference; fileEncoding = 4; lastKnownFileType = sourcecode.swift; path = TeamImageController.swift; sourceTree = "<group>"; };
		C0541EA81F1ACD8300FD50E2 /* UIImageViewExtensions.swift */ = {isa = PBXFileReference; fileEncoding = 4; lastKnownFileType = sourcecode.swift; path = UIImageViewExtensions.swift; sourceTree = "<group>"; };
		C05735F21F0E81A400F61848 /* GoogleService-Info.plist */ = {isa = PBXFileReference; fileEncoding = 4; lastKnownFileType = text.plist.xml; path = "GoogleService-Info.plist"; sourceTree = "<group>"; };
		C06535291F0D079200BCC12F /* Team.swift */ = {isa = PBXFileReference; fileEncoding = 4; lastKnownFileType = sourcecode.swift; path = Team.swift; sourceTree = "<group>"; };
		C065352B1F0D08C600BCC12F /* MemberController.swift */ = {isa = PBXFileReference; fileEncoding = 4; lastKnownFileType = sourcecode.swift; path = MemberController.swift; sourceTree = "<group>"; };
		C067E0041EFFE8EC00F830CB /* HBCRecord.app */ = {isa = PBXFileReference; explicitFileType = wrapper.application; includeInIndex = 0; path = HBCRecord.app; sourceTree = BUILT_PRODUCTS_DIR; };
		C067E0071EFFE8EC00F830CB /* AppDelegate.swift */ = {isa = PBXFileReference; lastKnownFileType = sourcecode.swift; path = AppDelegate.swift; sourceTree = "<group>"; };
		C067E0091EFFE8EC00F830CB /* RecordController.swift */ = {isa = PBXFileReference; lastKnownFileType = sourcecode.swift; path = RecordController.swift; sourceTree = "<group>"; };
		C067E00C1EFFE8EC00F830CB /* Base */ = {isa = PBXFileReference; lastKnownFileType = file.storyboard; name = Base; path = Base.lproj/Main.storyboard; sourceTree = "<group>"; };
		C067E00F1EFFE8EC00F830CB /* HBCRecord.xcdatamodel */ = {isa = PBXFileReference; lastKnownFileType = wrapper.xcdatamodel; path = HBCRecord.xcdatamodel; sourceTree = "<group>"; };
		C067E0111EFFE8EC00F830CB /* Assets.xcassets */ = {isa = PBXFileReference; lastKnownFileType = folder.assetcatalog; path = Assets.xcassets; sourceTree = "<group>"; };
		C067E0141EFFE8EC00F830CB /* Base */ = {isa = PBXFileReference; lastKnownFileType = file.storyboard; name = Base; path = Base.lproj/LaunchScreen.storyboard; sourceTree = "<group>"; };
		C067E0161EFFE8EC00F830CB /* Info.plist */ = {isa = PBXFileReference; lastKnownFileType = text.plist.xml; path = Info.plist; sourceTree = "<group>"; };
		C067E01B1EFFE8EC00F830CB /* HBCRecordTests.xctest */ = {isa = PBXFileReference; explicitFileType = wrapper.cfbundle; includeInIndex = 0; path = HBCRecordTests.xctest; sourceTree = BUILT_PRODUCTS_DIR; };
		C067E01F1EFFE8EC00F830CB /* HBCRecordTests.swift */ = {isa = PBXFileReference; lastKnownFileType = sourcecode.swift; path = HBCRecordTests.swift; sourceTree = "<group>"; };
		C067E0211EFFE8EC00F830CB /* Info.plist */ = {isa = PBXFileReference; lastKnownFileType = text.plist.xml; path = Info.plist; sourceTree = "<group>"; };
		C067E02C1F002AB500F830CB /* RecordCell.swift */ = {isa = PBXFileReference; fileEncoding = 4; lastKnownFileType = sourcecode.swift; path = RecordCell.swift; sourceTree = "<group>"; };
		C07FEE841F13CB1E00663B6C /* AddMemberHandler.swift */ = {isa = PBXFileReference; fileEncoding = 4; lastKnownFileType = sourcecode.swift; path = AddMemberHandler.swift; sourceTree = "<group>"; };
		C08DF5381F10F40600D658B8 /* AddMemberController.swift */ = {isa = PBXFileReference; fileEncoding = 4; lastKnownFileType = sourcecode.swift; path = AddMemberController.swift; sourceTree = "<group>"; };
		C0F19E4E1F0661FC00E97041 /* RecordPickerController.swift */ = {isa = PBXFileReference; fileEncoding = 4; lastKnownFileType = sourcecode.swift; path = RecordPickerController.swift; sourceTree = "<group>"; };
		C0F19E501F098C6000E97041 /* HomeController.swift */ = {isa = PBXFileReference; fileEncoding = 4; lastKnownFileType = sourcecode.swift; path = HomeController.swift; sourceTree = "<group>"; };
		C3CFB2946E9C347DC98D1384 /* Pods-HBCRecordTests.debug.xcconfig */ = {isa = PBXFileReference; includeInIndex = 1; lastKnownFileType = text.xcconfig; name = "Pods-HBCRecordTests.debug.xcconfig"; path = "Pods/Target Support Files/Pods-HBCRecordTests/Pods-HBCRecordTests.debug.xcconfig"; sourceTree = "<group>"; };
		E85E358BDADAC9FCDBB47067 /* Pods_HBCRecord.framework */ = {isa = PBXFileReference; explicitFileType = wrapper.framework; includeInIndex = 0; path = Pods_HBCRecord.framework; sourceTree = BUILT_PRODUCTS_DIR; };
		F0A4346733731E769C020E27 /* Pods_HBCRecordTests.framework */ = {isa = PBXFileReference; explicitFileType = wrapper.framework; includeInIndex = 0; path = Pods_HBCRecordTests.framework; sourceTree = BUILT_PRODUCTS_DIR; };
/* End PBXFileReference section */

/* Begin PBXFrameworksBuildPhase section */
		C067E0011EFFE8EC00F830CB /* Frameworks */ = {
			isa = PBXFrameworksBuildPhase;
			buildActionMask = 2147483647;
			files = (
				132FE70A297A0ECFC5781A90 /* Pods_HBCRecord.framework in Frameworks */,
			);
			runOnlyForDeploymentPostprocessing = 0;
		};
		C067E0181EFFE8EC00F830CB /* Frameworks */ = {
			isa = PBXFrameworksBuildPhase;
			buildActionMask = 2147483647;
			files = (
				3F0817A52039B51F42C9D0E6 /* Pods_HBCRecordTests.framework in Frameworks */,
			);
			runOnlyForDeploymentPostprocessing = 0;
		};
/* End PBXFrameworksBuildPhase section */

/* Begin PBXGroup section */
		B204FC04F445CE8EA2E2E76B /* Pods */ = {
			isa = PBXGroup;
			children = (
				655FD671920D82C37CB7B274 /* Pods-HBCRecord.debug.xcconfig */,
				4B1EF1B40D9FE7748F64AB0E /* Pods-HBCRecord.release.xcconfig */,
				C3CFB2946E9C347DC98D1384 /* Pods-HBCRecordTests.debug.xcconfig */,
				2A281C72162F4C52EA9786C9 /* Pods-HBCRecordTests.release.xcconfig */,
			);
			name = Pods;
			sourceTree = "<group>";
		};
		C0145DE31F02A2A0005651B3 /* Model */ = {
			isa = PBXGroup;
			children = (
				C0541EA71F1ACD5A00FD50E2 /* Extension */,
				C0145DE41F02A2B8005651B3 /* Player.swift */,
				C06535291F0D079200BCC12F /* Team.swift */,
				C0541EA31F19C18500FD50E2 /* User.swift */,
				C0449AE21F1C144B0014F48E /* Member.swift */,
			);
			name = Model;
			sourceTree = "<group>";
		};
		C0541EA71F1ACD5A00FD50E2 /* Extension */ = {
			isa = PBXGroup;
			children = (
				C0541EA81F1ACD8300FD50E2 /* UIImageViewExtensions.swift */,
			);
			name = Extension;
			sourceTree = "<group>";
		};
		C067DFFB1EFFE8EC00F830CB = {
			isa = PBXGroup;
			children = (
				C067E0061EFFE8EC00F830CB /* HBCRecord */,
				C067E01E1EFFE8EC00F830CB /* HBCRecordTests */,
				C067E0051EFFE8EC00F830CB /* Products */,
				B204FC04F445CE8EA2E2E76B /* Pods */,
				C8FC50E346069171320B416A /* Frameworks */,
			);
			sourceTree = "<group>";
		};
		C067E0051EFFE8EC00F830CB /* Products */ = {
			isa = PBXGroup;
			children = (
				C067E0041EFFE8EC00F830CB /* HBCRecord.app */,
				C067E01B1EFFE8EC00F830CB /* HBCRecordTests.xctest */,
			);
			name = Products;
			sourceTree = "<group>";
		};
		C067E0061EFFE8EC00F830CB /* HBCRecord */ = {
			isa = PBXGroup;
			children = (
				C0145DE31F02A2A0005651B3 /* Model */,
				C067E02B1F002A9A00F830CB /* View */,
				C067E02A1EFFF4AB00F830CB /* Controller */,
				C067E0071EFFE8EC00F830CB /* AppDelegate.swift */,
				C067E00B1EFFE8EC00F830CB /* Main.storyboard */,
				C067E0111EFFE8EC00F830CB /* Assets.xcassets */,
				C067E0131EFFE8EC00F830CB /* LaunchScreen.storyboard */,
				C067E0161EFFE8EC00F830CB /* Info.plist */,
				C067E00E1EFFE8EC00F830CB /* HBCRecord.xcdatamodeld */,
				C05735F21F0E81A400F61848 /* GoogleService-Info.plist */,
			);
			path = HBCRecord;
			sourceTree = "<group>";
		};
		C067E01E1EFFE8EC00F830CB /* HBCRecordTests */ = {
			isa = PBXGroup;
			children = (
				C067E01F1EFFE8EC00F830CB /* HBCRecordTests.swift */,
				C067E0211EFFE8EC00F830CB /* Info.plist */,
			);
			path = HBCRecordTests;
			sourceTree = "<group>";
		};
		C067E02A1EFFF4AB00F830CB /* Controller */ = {
			isa = PBXGroup;
			children = (
				C07FEE831F13CAE200663B6C /* Handler */,
				C0541EA11F16175B00FD50E2 /* LoginController.swift */,
				C0F19E501F098C6000E97041 /* HomeController.swift */,
				C065352B1F0D08C600BCC12F /* MemberController.swift */,
				C08DF5381F10F40600D658B8 /* AddMemberController.swift */,
				C0F19E4E1F0661FC00E97041 /* RecordPickerController.swift */,
				C0541EA51F1A944800FD50E2 /* TeamImageController.swift */,
				C067E0091EFFE8EC00F830CB /* RecordController.swift */,
			);
			name = Controller;
			sourceTree = "<group>";
		};
		C067E02B1F002A9A00F830CB /* View */ = {
			isa = PBXGroup;
			children = (
				C067E02C1F002AB500F830CB /* RecordCell.swift */,
				C0449ADE1F1C03490014F48E /* TeamCell.swift */,
				C0449AE01F1C047A0014F48E /* MemberCell.swift */,
			);
			name = View;
			sourceTree = "<group>";
		};
		C07FEE831F13CAE200663B6C /* Handler */ = {
			isa = PBXGroup;
			children = (
				C07FEE841F13CB1E00663B6C /* AddMemberHandler.swift */,
			);
			name = Handler;
			sourceTree = "<group>";
		};
		C8FC50E346069171320B416A /* Frameworks */ = {
			isa = PBXGroup;
			children = (
				E85E358BDADAC9FCDBB47067 /* Pods_HBCRecord.framework */,
				F0A4346733731E769C020E27 /* Pods_HBCRecordTests.framework */,
			);
			name = Frameworks;
			sourceTree = "<group>";
		};
/* End PBXGroup section */

/* Begin PBXNativeTarget section */
		C067E0031EFFE8EC00F830CB /* HBCRecord */ = {
			isa = PBXNativeTarget;
			buildConfigurationList = C067E0241EFFE8EC00F830CB /* Build configuration list for PBXNativeTarget "HBCRecord" */;
			buildPhases = (
				E6FC5705713663243A5160E9 /* [CP] Check Pods Manifest.lock */,
				C067E0001EFFE8EC00F830CB /* Sources */,
				C067E0011EFFE8EC00F830CB /* Frameworks */,
				C067E0021EFFE8EC00F830CB /* Resources */,
				168A401661B536566413E7EA /* [CP] Embed Pods Frameworks */,
				73172C0178907234B7543226 /* [CP] Copy Pods Resources */,
			);
			buildRules = (
			);
			dependencies = (
			);
			name = HBCRecord;
			productName = HBCRecord;
			productReference = C067E0041EFFE8EC00F830CB /* HBCRecord.app */;
			productType = "com.apple.product-type.application";
		};
		C067E01A1EFFE8EC00F830CB /* HBCRecordTests */ = {
			isa = PBXNativeTarget;
			buildConfigurationList = C067E0271EFFE8EC00F830CB /* Build configuration list for PBXNativeTarget "HBCRecordTests" */;
			buildPhases = (
				81B3172D2A180C4198A6846D /* [CP] Check Pods Manifest.lock */,
				C067E0171EFFE8EC00F830CB /* Sources */,
				C067E0181EFFE8EC00F830CB /* Frameworks */,
				C067E0191EFFE8EC00F830CB /* Resources */,
				2774B418720CE08142ECFAF4 /* [CP] Embed Pods Frameworks */,
				84247CB68BE50C8656FB138E /* [CP] Copy Pods Resources */,
			);
			buildRules = (
			);
			dependencies = (
				C067E01D1EFFE8EC00F830CB /* PBXTargetDependency */,
			);
			name = HBCRecordTests;
			productName = HBCRecordTests;
			productReference = C067E01B1EFFE8EC00F830CB /* HBCRecordTests.xctest */;
			productType = "com.apple.product-type.bundle.unit-test";
		};
/* End PBXNativeTarget section */

/* Begin PBXProject section */
		C067DFFC1EFFE8EC00F830CB /* Project object */ = {
			isa = PBXProject;
			attributes = {
				LastSwiftUpdateCheck = 0830;
				LastUpgradeCheck = 0830;
				ORGANIZATIONNAME = "吳得人";
				TargetAttributes = {
					C067E0031EFFE8EC00F830CB = {
						CreatedOnToolsVersion = 8.3.3;
						DevelopmentTeam = Q2CV2P5WWY;
						ProvisioningStyle = Automatic;
					};
					C067E01A1EFFE8EC00F830CB = {
						CreatedOnToolsVersion = 8.3.3;
						DevelopmentTeam = Q2CV2P5WWY;
						ProvisioningStyle = Automatic;
						TestTargetID = C067E0031EFFE8EC00F830CB;
					};
				};
			};
			buildConfigurationList = C067DFFF1EFFE8EC00F830CB /* Build configuration list for PBXProject "HBCRecord" */;
			compatibilityVersion = "Xcode 3.2";
			developmentRegion = English;
			hasScannedForEncodings = 0;
			knownRegions = (
				en,
				Base,
			);
			mainGroup = C067DFFB1EFFE8EC00F830CB;
			productRefGroup = C067E0051EFFE8EC00F830CB /* Products */;
			projectDirPath = "";
			projectRoot = "";
			targets = (
				C067E0031EFFE8EC00F830CB /* HBCRecord */,
				C067E01A1EFFE8EC00F830CB /* HBCRecordTests */,
			);
		};
/* End PBXProject section */

/* Begin PBXResourcesBuildPhase section */
		C067E0021EFFE8EC00F830CB /* Resources */ = {
			isa = PBXResourcesBuildPhase;
			buildActionMask = 2147483647;
			files = (
				C067E0151EFFE8EC00F830CB /* LaunchScreen.storyboard in Resources */,
				C05735F31F0E81A400F61848 /* GoogleService-Info.plist in Resources */,
				C067E0121EFFE8EC00F830CB /* Assets.xcassets in Resources */,
				C067E00D1EFFE8EC00F830CB /* Main.storyboard in Resources */,
			);
			runOnlyForDeploymentPostprocessing = 0;
		};
		C067E0191EFFE8EC00F830CB /* Resources */ = {
			isa = PBXResourcesBuildPhase;
			buildActionMask = 2147483647;
			files = (
			);
			runOnlyForDeploymentPostprocessing = 0;
		};
/* End PBXResourcesBuildPhase section */

/* Begin PBXShellScriptBuildPhase section */
		168A401661B536566413E7EA /* [CP] Embed Pods Frameworks */ = {
			isa = PBXShellScriptBuildPhase;
			buildActionMask = 2147483647;
			files = (
			);
			inputPaths = (
			);
			name = "[CP] Embed Pods Frameworks";
			outputPaths = (
			);
			runOnlyForDeploymentPostprocessing = 0;
			shellPath = /bin/sh;
			shellScript = "\"${SRCROOT}/Pods/Target Support Files/Pods-HBCRecord/Pods-HBCRecord-frameworks.sh\"\n";
			showEnvVarsInLog = 0;
		};
		2774B418720CE08142ECFAF4 /* [CP] Embed Pods Frameworks */ = {
			isa = PBXShellScriptBuildPhase;
			buildActionMask = 2147483647;
			files = (
			);
			inputPaths = (
			);
			name = "[CP] Embed Pods Frameworks";
			outputPaths = (
			);
			runOnlyForDeploymentPostprocessing = 0;
			shellPath = /bin/sh;
			shellScript = "\"${SRCROOT}/Pods/Target Support Files/Pods-HBCRecordTests/Pods-HBCRecordTests-frameworks.sh\"\n";
			showEnvVarsInLog = 0;
		};
		73172C0178907234B7543226 /* [CP] Copy Pods Resources */ = {
			isa = PBXShellScriptBuildPhase;
			buildActionMask = 2147483647;
			files = (
			);
			inputPaths = (
			);
			name = "[CP] Copy Pods Resources";
			outputPaths = (
			);
			runOnlyForDeploymentPostprocessing = 0;
			shellPath = /bin/sh;
			shellScript = "\"${SRCROOT}/Pods/Target Support Files/Pods-HBCRecord/Pods-HBCRecord-resources.sh\"\n";
			showEnvVarsInLog = 0;
		};
		81B3172D2A180C4198A6846D /* [CP] Check Pods Manifest.lock */ = {
			isa = PBXShellScriptBuildPhase;
			buildActionMask = 2147483647;
			files = (
			);
			inputPaths = (
			);
			name = "[CP] Check Pods Manifest.lock";
			outputPaths = (
			);
			runOnlyForDeploymentPostprocessing = 0;
			shellPath = /bin/sh;
			shellScript = "diff \"${PODS_ROOT}/../Podfile.lock\" \"${PODS_ROOT}/Manifest.lock\" > /dev/null\nif [ $? != 0 ] ; then\n    # print error to STDERR\n    echo \"error: The sandbox is not in sync with the Podfile.lock. Run 'pod install' or update your CocoaPods installation.\" >&2\n    exit 1\nfi\n";
			showEnvVarsInLog = 0;
		};
		84247CB68BE50C8656FB138E /* [CP] Copy Pods Resources */ = {
			isa = PBXShellScriptBuildPhase;
			buildActionMask = 2147483647;
			files = (
			);
			inputPaths = (
			);
			name = "[CP] Copy Pods Resources";
			outputPaths = (
			);
			runOnlyForDeploymentPostprocessing = 0;
			shellPath = /bin/sh;
			shellScript = "\"${SRCROOT}/Pods/Target Support Files/Pods-HBCRecordTests/Pods-HBCRecordTests-resources.sh\"\n";
			showEnvVarsInLog = 0;
		};
		E6FC5705713663243A5160E9 /* [CP] Check Pods Manifest.lock */ = {
			isa = PBXShellScriptBuildPhase;
			buildActionMask = 2147483647;
			files = (
			);
			inputPaths = (
			);
			name = "[CP] Check Pods Manifest.lock";
			outputPaths = (
			);
			runOnlyForDeploymentPostprocessing = 0;
			shellPath = /bin/sh;
			shellScript = "diff \"${PODS_ROOT}/../Podfile.lock\" \"${PODS_ROOT}/Manifest.lock\" > /dev/null\nif [ $? != 0 ] ; then\n    # print error to STDERR\n    echo \"error: The sandbox is not in sync with the Podfile.lock. Run 'pod install' or update your CocoaPods installation.\" >&2\n    exit 1\nfi\n";
			showEnvVarsInLog = 0;
		};
/* End PBXShellScriptBuildPhase section */

/* Begin PBXSourcesBuildPhase section */
		C067E0001EFFE8EC00F830CB /* Sources */ = {
			isa = PBXSourcesBuildPhase;
			buildActionMask = 2147483647;
			files = (
				C0449ADF1F1C03490014F48E /* TeamCell.swift in Sources */,
				C0541EA41F19C18500FD50E2 /* User.swift in Sources */,
				C07FEE851F13CB1E00663B6C /* AddMemberHandler.swift in Sources */,
				C0541EA21F16175B00FD50E2 /* LoginController.swift in Sources */,
				C0F19E4F1F0661FC00E97041 /* RecordPickerController.swift in Sources */,
				C0541EA61F1A944800FD50E2 /* TeamImageController.swift in Sources */,
				C067E0101EFFE8EC00F830CB /* HBCRecord.xcdatamodeld in Sources */,
				C0F19E511F098C6000E97041 /* HomeController.swift in Sources */,
				C0449AE11F1C047A0014F48E /* MemberCell.swift in Sources */,
				C08DF5391F10F40600D658B8 /* AddMemberController.swift in Sources */,
				C067E00A1EFFE8EC00F830CB /* RecordController.swift in Sources */,
				C065352A1F0D079200BCC12F /* Team.swift in Sources */,
				C067E02D1F002AB500F830CB /* RecordCell.swift in Sources */,
				C0449AE31F1C144B0014F48E /* Member.swift in Sources */,
				C0145DE51F02A2B8005651B3 /* Player.swift in Sources */,
				C065352C1F0D08C600BCC12F /* MemberController.swift in Sources */,
				C0541EA91F1ACD8300FD50E2 /* UIImageViewExtensions.swift in Sources */,
				C067E0081EFFE8EC00F830CB /* AppDelegate.swift in Sources */,
			);
			runOnlyForDeploymentPostprocessing = 0;
		};
		C067E0171EFFE8EC00F830CB /* Sources */ = {
			isa = PBXSourcesBuildPhase;
			buildActionMask = 2147483647;
			files = (
				C067E0201EFFE8EC00F830CB /* HBCRecordTests.swift in Sources */,
			);
			runOnlyForDeploymentPostprocessing = 0;
		};
/* End PBXSourcesBuildPhase section */

/* Begin PBXTargetDependency section */
		C067E01D1EFFE8EC00F830CB /* PBXTargetDependency */ = {
			isa = PBXTargetDependency;
			target = C067E0031EFFE8EC00F830CB /* HBCRecord */;
			targetProxy = C067E01C1EFFE8EC00F830CB /* PBXContainerItemProxy */;
		};
/* End PBXTargetDependency section */

/* Begin PBXVariantGroup section */
		C067E00B1EFFE8EC00F830CB /* Main.storyboard */ = {
			isa = PBXVariantGroup;
			children = (
				C067E00C1EFFE8EC00F830CB /* Base */,
			);
			name = Main.storyboard;
			sourceTree = "<group>";
		};
		C067E0131EFFE8EC00F830CB /* LaunchScreen.storyboard */ = {
			isa = PBXVariantGroup;
			children = (
				C067E0141EFFE8EC00F830CB /* Base */,
			);
			name = LaunchScreen.storyboard;
			sourceTree = "<group>";
		};
/* End PBXVariantGroup section */

/* Begin XCBuildConfiguration section */
		C067E0221EFFE8EC00F830CB /* Debug */ = {
			isa = XCBuildConfiguration;
			buildSettings = {
				ALWAYS_SEARCH_USER_PATHS = NO;
				CLANG_ANALYZER_NONNULL = YES;
				CLANG_ANALYZER_NUMBER_OBJECT_CONVERSION = YES_AGGRESSIVE;
				CLANG_CXX_LANGUAGE_STANDARD = "gnu++0x";
				CLANG_CXX_LIBRARY = "libc++";
				CLANG_ENABLE_MODULES = YES;
				CLANG_ENABLE_OBJC_ARC = YES;
				CLANG_WARN_BOOL_CONVERSION = YES;
				CLANG_WARN_CONSTANT_CONVERSION = YES;
				CLANG_WARN_DIRECT_OBJC_ISA_USAGE = YES_ERROR;
				CLANG_WARN_DOCUMENTATION_COMMENTS = YES;
				CLANG_WARN_EMPTY_BODY = YES;
				CLANG_WARN_ENUM_CONVERSION = YES;
				CLANG_WARN_INFINITE_RECURSION = YES;
				CLANG_WARN_INT_CONVERSION = YES;
				CLANG_WARN_OBJC_ROOT_CLASS = YES_ERROR;
				CLANG_WARN_SUSPICIOUS_MOVE = YES;
				CLANG_WARN_UNREACHABLE_CODE = YES;
				CLANG_WARN__DUPLICATE_METHOD_MATCH = YES;
				"CODE_SIGN_IDENTITY[sdk=iphoneos*]" = "iPhone Developer";
				COPY_PHASE_STRIP = NO;
				DEBUG_INFORMATION_FORMAT = dwarf;
				ENABLE_STRICT_OBJC_MSGSEND = YES;
				ENABLE_TESTABILITY = YES;
				GCC_C_LANGUAGE_STANDARD = gnu99;
				GCC_DYNAMIC_NO_PIC = NO;
				GCC_NO_COMMON_BLOCKS = YES;
				GCC_OPTIMIZATION_LEVEL = 0;
				GCC_PREPROCESSOR_DEFINITIONS = (
					"DEBUG=1",
					"$(inherited)",
				);
				GCC_WARN_64_TO_32_BIT_CONVERSION = YES;
				GCC_WARN_ABOUT_RETURN_TYPE = YES_ERROR;
				GCC_WARN_UNDECLARED_SELECTOR = YES;
				GCC_WARN_UNINITIALIZED_AUTOS = YES_AGGRESSIVE;
				GCC_WARN_UNUSED_FUNCTION = YES;
				GCC_WARN_UNUSED_VARIABLE = YES;
				IPHONEOS_DEPLOYMENT_TARGET = 10.3;
				MTL_ENABLE_DEBUG_INFO = YES;
				ONLY_ACTIVE_ARCH = YES;
				SDKROOT = iphoneos;
				SWIFT_ACTIVE_COMPILATION_CONDITIONS = DEBUG;
				SWIFT_OPTIMIZATION_LEVEL = "-Onone";
				TARGETED_DEVICE_FAMILY = "1,2";
			};
			name = Debug;
		};
		C067E0231EFFE8EC00F830CB /* Release */ = {
			isa = XCBuildConfiguration;
			buildSettings = {
				ALWAYS_SEARCH_USER_PATHS = NO;
				CLANG_ANALYZER_NONNULL = YES;
				CLANG_ANALYZER_NUMBER_OBJECT_CONVERSION = YES_AGGRESSIVE;
				CLANG_CXX_LANGUAGE_STANDARD = "gnu++0x";
				CLANG_CXX_LIBRARY = "libc++";
				CLANG_ENABLE_MODULES = YES;
				CLANG_ENABLE_OBJC_ARC = YES;
				CLANG_WARN_BOOL_CONVERSION = YES;
				CLANG_WARN_CONSTANT_CONVERSION = YES;
				CLANG_WARN_DIRECT_OBJC_ISA_USAGE = YES_ERROR;
				CLANG_WARN_DOCUMENTATION_COMMENTS = YES;
				CLANG_WARN_EMPTY_BODY = YES;
				CLANG_WARN_ENUM_CONVERSION = YES;
				CLANG_WARN_INFINITE_RECURSION = YES;
				CLANG_WARN_INT_CONVERSION = YES;
				CLANG_WARN_OBJC_ROOT_CLASS = YES_ERROR;
				CLANG_WARN_SUSPICIOUS_MOVE = YES;
				CLANG_WARN_UNREACHABLE_CODE = YES;
				CLANG_WARN__DUPLICATE_METHOD_MATCH = YES;
				"CODE_SIGN_IDENTITY[sdk=iphoneos*]" = "iPhone Developer";
				COPY_PHASE_STRIP = NO;
				DEBUG_INFORMATION_FORMAT = "dwarf-with-dsym";
				ENABLE_NS_ASSERTIONS = NO;
				ENABLE_STRICT_OBJC_MSGSEND = YES;
				GCC_C_LANGUAGE_STANDARD = gnu99;
				GCC_NO_COMMON_BLOCKS = YES;
				GCC_WARN_64_TO_32_BIT_CONVERSION = YES;
				GCC_WARN_ABOUT_RETURN_TYPE = YES_ERROR;
				GCC_WARN_UNDECLARED_SELECTOR = YES;
				GCC_WARN_UNINITIALIZED_AUTOS = YES_AGGRESSIVE;
				GCC_WARN_UNUSED_FUNCTION = YES;
				GCC_WARN_UNUSED_VARIABLE = YES;
				IPHONEOS_DEPLOYMENT_TARGET = 10.3;
				MTL_ENABLE_DEBUG_INFO = NO;
				SDKROOT = iphoneos;
				SWIFT_OPTIMIZATION_LEVEL = "-Owholemodule";
				TARGETED_DEVICE_FAMILY = "1,2";
				VALIDATE_PRODUCT = YES;
			};
			name = Release;
		};
		C067E0251EFFE8EC00F830CB /* Debug */ = {
			isa = XCBuildConfiguration;
			baseConfigurationReference = 655FD671920D82C37CB7B274 /* Pods-HBCRecord.debug.xcconfig */;
			buildSettings = {
				ASSETCATALOG_COMPILER_APPICON_NAME = AppIcon;
				DEVELOPMENT_TEAM = Q2CV2P5WWY;
				INFOPLIST_FILE = HBCRecord/Info.plist;
				LD_RUNPATH_SEARCH_PATHS = "$(inherited) @executable_path/Frameworks";
				PRODUCT_BUNDLE_IDENTIFIER = com.darren.HBCRecord;
				PRODUCT_NAME = "$(TARGET_NAME)";
				SWIFT_VERSION = 3.0;
			};
			name = Debug;
		};
		C067E0261EFFE8EC00F830CB /* Release */ = {
			isa = XCBuildConfiguration;
			baseConfigurationReference = 4B1EF1B40D9FE7748F64AB0E /* Pods-HBCRecord.release.xcconfig */;
			buildSettings = {
				ASSETCATALOG_COMPILER_APPICON_NAME = AppIcon;
				DEVELOPMENT_TEAM = Q2CV2P5WWY;
				INFOPLIST_FILE = HBCRecord/Info.plist;
				LD_RUNPATH_SEARCH_PATHS = "$(inherited) @executable_path/Frameworks";
				PRODUCT_BUNDLE_IDENTIFIER = com.darren.HBCRecord;
				PRODUCT_NAME = "$(TARGET_NAME)";
				SWIFT_VERSION = 3.0;
			};
			name = Release;
		};
		C067E0281EFFE8EC00F830CB /* Debug */ = {
			isa = XCBuildConfiguration;
			baseConfigurationReference = C3CFB2946E9C347DC98D1384 /* Pods-HBCRecordTests.debug.xcconfig */;
			buildSettings = {
				ALWAYS_EMBED_SWIFT_STANDARD_LIBRARIES = YES;
				BUNDLE_LOADER = "$(TEST_HOST)";
				DEVELOPMENT_TEAM = Q2CV2P5WWY;
				INFOPLIST_FILE = HBCRecordTests/Info.plist;
				LD_RUNPATH_SEARCH_PATHS = "$(inherited) @executable_path/Frameworks @loader_path/Frameworks";
				PRODUCT_BUNDLE_IDENTIFIER = com.darren.HBCRecordTests;
				PRODUCT_NAME = "$(TARGET_NAME)";
				SWIFT_VERSION = 3.0;
				TEST_HOST = "$(BUILT_PRODUCTS_DIR)/HBCRecord.app/HBCRecord";
			};
			name = Debug;
		};
		C067E0291EFFE8EC00F830CB /* Release */ = {
			isa = XCBuildConfiguration;
			baseConfigurationReference = 2A281C72162F4C52EA9786C9 /* Pods-HBCRecordTests.release.xcconfig */;
			buildSettings = {
				ALWAYS_EMBED_SWIFT_STANDARD_LIBRARIES = YES;
				BUNDLE_LOADER = "$(TEST_HOST)";
				DEVELOPMENT_TEAM = Q2CV2P5WWY;
				INFOPLIST_FILE = HBCRecordTests/Info.plist;
				LD_RUNPATH_SEARCH_PATHS = "$(inherited) @executable_path/Frameworks @loader_path/Frameworks";
				PRODUCT_BUNDLE_IDENTIFIER = com.darren.HBCRecordTests;
				PRODUCT_NAME = "$(TARGET_NAME)";
				SWIFT_VERSION = 3.0;
				TEST_HOST = "$(BUILT_PRODUCTS_DIR)/HBCRecord.app/HBCRecord";
			};
			name = Release;
		};
/* End XCBuildConfiguration section */

/* Begin XCConfigurationList section */
		C067DFFF1EFFE8EC00F830CB /* Build configuration list for PBXProject "HBCRecord" */ = {
			isa = XCConfigurationList;
			buildConfigurations = (
				C067E0221EFFE8EC00F830CB /* Debug */,
				C067E0231EFFE8EC00F830CB /* Release */,
			);
			defaultConfigurationIsVisible = 0;
			defaultConfigurationName = Release;
		};
		C067E0241EFFE8EC00F830CB /* Build configuration list for PBXNativeTarget "HBCRecord" */ = {
			isa = XCConfigurationList;
			buildConfigurations = (
				C067E0251EFFE8EC00F830CB /* Debug */,
				C067E0261EFFE8EC00F830CB /* Release */,
			);
			defaultConfigurationIsVisible = 0;
			defaultConfigurationName = Release;
		};
		C067E0271EFFE8EC00F830CB /* Build configuration list for PBXNativeTarget "HBCRecordTests" */ = {
			isa = XCConfigurationList;
			buildConfigurations = (
				C067E0281EFFE8EC00F830CB /* Debug */,
				C067E0291EFFE8EC00F830CB /* Release */,
			);
			defaultConfigurationIsVisible = 0;
			defaultConfigurationName = Release;
		};
/* End XCConfigurationList section */

/* Begin XCVersionGroup section */
		C067E00E1EFFE8EC00F830CB /* HBCRecord.xcdatamodeld */ = {
			isa = XCVersionGroup;
			children = (
				C067E00F1EFFE8EC00F830CB /* HBCRecord.xcdatamodel */,
			);
			currentVersion = C067E00F1EFFE8EC00F830CB /* HBCRecord.xcdatamodel */;
			path = HBCRecord.xcdatamodeld;
			sourceTree = "<group>";
			versionGroupType = wrapper.xcdatamodel;
		};
/* End XCVersionGroup section */
	};
	rootObject = C067DFFC1EFFE8EC00F830CB /* Project object */;
}
